
Microsoft Visual Studio Solution File, Format Version 12.00
# Visual Studio Version 17
VisualStudioVersion = 17.10.35027.167
MinimumVisualStudioVersion = 10.0.40219.1
Project("{2150E333-8FDC-42A3-9474-1A3956D46DE8}") = "Inventory", "Inventory", "{9D487E38-1BD4-4E5F-882B-144E67E521EE}"
EndProject
Project("{2150E333-8FDC-42A3-9474-1A3956D46DE8}") = "Common", "Common", "{1C54EB67-32AB-47EE-88B2-975566C674B7}"
EndProject
Project("{9A19103F-16F7-4668-BE54-9A1E7A4F7556}") = "Common.DB", "Common.DB\Common.DB.csproj", "{9B4E1ACD-70AD-43BB-9415-E68A667E4D7F}"
EndProject
Project("{9A19103F-16F7-4668-BE54-9A1E7A4F7556}") = "Inventory.BL.Services", "Inventory.BL.Services\Inventory.BL.Services.csproj", "{BB3C0946-452C-4E5C-9CF0-FCB271AE302D}"
EndProject
Project("{9A19103F-16F7-4668-BE54-9A1E7A4F7556}") = "Inventory.BL.Interfaces", "Inventory.BL.Interfaces\Inventory.BL.Interfaces.csproj", "{247D2552-14FA-495B-B4AE-FF1BB3321140}"
EndProject
Project("{9A19103F-16F7-4668-BE54-9A1E7A4F7556}") = "Inventory.API", "Inventory.API\Inventory.API.csproj", "{0F620D93-D206-4F68-AE7A-89850F900F57}"
EndProject
Project("{9A19103F-16F7-4668-BE54-9A1E7A4F7556}") = "Common.GraphQL", "Common.GraphQL\Common.GraphQL.csproj", "{C1CD68A1-F420-411A-A50D-3742CAC77020}"
EndProject
Project("{2150E333-8FDC-42A3-9474-1A3956D46DE8}") = "Client", "Client", "{40466F07-8A3D-4657-A670-A82E96A8C8CC}"
EndProject
Project("{FAE04EC0-301F-11D3-BF4B-00C04F79EFBC}") = "Inventory.Client", "Inventory.Client\Inventory.Client.csproj", "{88DFB066-C833-4313-89B2-8843ADE69BBB}"
EndProject
Project("{FAE04EC0-301F-11D3-BF4B-00C04F79EFBC}") = "Common.ProxyService", "Common.ProxyService\Common.ProxyService.csproj", "{51966BE9-3347-4633-8F45-F87D85C42C39}"
EndProject
Global
	GlobalSection(SolutionConfigurationPlatforms) = preSolution
		Debug|Any CPU = Debug|Any CPU
		Release|Any CPU = Release|Any CPU
	EndGlobalSection
	GlobalSection(ProjectConfigurationPlatforms) = postSolution
		{9B4E1ACD-70AD-43BB-9415-E68A667E4D7F}.Debug|Any CPU.ActiveCfg = Debug|Any CPU
		{9B4E1ACD-70AD-43BB-9415-E68A667E4D7F}.Debug|Any CPU.Build.0 = Debug|Any CPU
		{9B4E1ACD-70AD-43BB-9415-E68A667E4D7F}.Release|Any CPU.ActiveCfg = Release|Any CPU
		{9B4E1ACD-70AD-43BB-9415-E68A667E4D7F}.Release|Any CPU.Build.0 = Release|Any CPU
		{BB3C0946-452C-4E5C-9CF0-FCB271AE302D}.Debug|Any CPU.ActiveCfg = Debug|Any CPU
		{BB3C0946-452C-4E5C-9CF0-FCB271AE302D}.Debug|Any CPU.Build.0 = Debug|Any CPU
		{BB3C0946-452C-4E5C-9CF0-FCB271AE302D}.Release|Any CPU.ActiveCfg = Release|Any CPU
		{BB3C0946-452C-4E5C-9CF0-FCB271AE302D}.Release|Any CPU.Build.0 = Release|Any CPU
		{247D2552-14FA-495B-B4AE-FF1BB3321140}.Debug|Any CPU.ActiveCfg = Debug|Any CPU
		{247D2552-14FA-495B-B4AE-FF1BB3321140}.Debug|Any CPU.Build.0 = Debug|Any CPU
		{247D2552-14FA-495B-B4AE-FF1BB3321140}.Release|Any CPU.ActiveCfg = Release|Any CPU
		{247D2552-14FA-495B-B4AE-FF1BB3321140}.Release|Any CPU.Build.0 = Release|Any CPU
		{0F620D93-D206-4F68-AE7A-89850F900F57}.Debug|Any CPU.ActiveCfg = Debug|Any CPU
		{0F620D93-D206-4F68-AE7A-89850F900F57}.Debug|Any CPU.Build.0 = Debug|Any CPU
		{0F620D93-D206-4F68-AE7A-89850F900F57}.Release|Any CPU.ActiveCfg = Release|Any CPU
		{0F620D93-D206-4F68-AE7A-89850F900F57}.Release|Any CPU.Build.0 = Release|Any CPU
		{C1CD68A1-F420-411A-A50D-3742CAC77020}.Debug|Any CPU.ActiveCfg = Debug|Any CPU
		{C1CD68A1-F420-411A-A50D-3742CAC77020}.Debug|Any CPU.Build.0 = Debug|Any CPU
		{C1CD68A1-F420-411A-A50D-3742CAC77020}.Release|Any CPU.ActiveCfg = Release|Any CPU
		{C1CD68A1-F420-411A-A50D-3742CAC77020}.Release|Any CPU.Build.0 = Release|Any CPU
		{88DFB066-C833-4313-89B2-8843ADE69BBB}.Debug|Any CPU.ActiveCfg = Debug|Any CPU
		{88DFB066-C833-4313-89B2-8843ADE69BBB}.Debug|Any CPU.Build.0 = Debug|Any CPU
		{88DFB066-C833-4313-89B2-8843ADE69BBB}.Release|Any CPU.ActiveCfg = Release|Any CPU
		{88DFB066-C833-4313-89B2-8843ADE69BBB}.Release|Any CPU.Build.0 = Release|Any CPU
		{51966BE9-3347-4633-8F45-F87D85C42C39}.Debug|Any CPU.ActiveCfg = Debug|Any CPU
		{51966BE9-3347-4633-8F45-F87D85C42C39}.Debug|Any CPU.Build.0 = Debug|Any CPU
		{51966BE9-3347-4633-8F45-F87D85C42C39}.Release|Any CPU.ActiveCfg = Release|Any CPU
		{51966BE9-3347-4633-8F45-F87D85C42C39}.Release|Any CPU.Build.0 = Release|Any CPU
	EndGlobalSection
	GlobalSection(SolutionProperties) = preSolution
		HideSolutionNode = FALSE
	EndGlobalSection
	GlobalSection(NestedProjects) = preSolution
		{9B4E1ACD-70AD-43BB-9415-E68A667E4D7F} = {1C54EB67-32AB-47EE-88B2-975566C674B7}
		{BB3C0946-452C-4E5C-9CF0-FCB271AE302D} = {9D487E38-1BD4-4E5F-882B-144E67E521EE}
		{247D2552-14FA-495B-B4AE-FF1BB3321140} = {9D487E38-1BD4-4E5F-882B-144E67E521EE}
		{0F620D93-D206-4F68-AE7A-89850F900F57} = {9D487E38-1BD4-4E5F-882B-144E67E521EE}
		{C1CD68A1-F420-411A-A50D-3742CAC77020} = {1C54EB67-32AB-47EE-88B2-975566C674B7}
		{88DFB066-C833-4313-89B2-8843ADE69BBB} = {40466F07-8A3D-4657-A670-A82E96A8C8CC}
		{51966BE9-3347-4633-8F45-F87D85C42C39} = {1C54EB67-32AB-47EE-88B2-975566C674B7}
	EndGlobalSection
	GlobalSection(ExtensibilityGlobals) = postSolution
		SolutionGuid = {C67F8DDE-B839-4F9C-B4CF-BB700A013724}
	EndGlobalSection
EndGlobal
